// !$*UTF8*$!
{
	archiveVersion = 1;
	classes = {
	};
	objectVersion = 46;
	objects = {

/* Begin PBXBuildFile section */
		541CCBE81F01C81200047966 /* AppDelegate.swift in Sources */ = {isa = PBXBuildFile; fileRef = 541CCBE71F01C81200047966 /* AppDelegate.swift */; };
		541CCBEA1F01C81200047966 /* GameScene.sks in Resources */ = {isa = PBXBuildFile; fileRef = 541CCBE91F01C81200047966 /* GameScene.sks */; };
		541CCBEC1F01C81200047966 /* Actions.sks in Resources */ = {isa = PBXBuildFile; fileRef = 541CCBEB1F01C81200047966 /* Actions.sks */; };
		541CCBEE1F01C81200047966 /* GameScene.swift in Sources */ = {isa = PBXBuildFile; fileRef = 541CCBED1F01C81200047966 /* GameScene.swift */; };
		541CCBF01F01C81200047966 /* GameViewController.swift in Sources */ = {isa = PBXBuildFile; fileRef = 541CCBEF1F01C81200047966 /* GameViewController.swift */; };
		541CCBF31F01C81200047966 /* Main.storyboard in Resources */ = {isa = PBXBuildFile; fileRef = 541CCBF11F01C81200047966 /* Main.storyboard */; };
		541CCBF51F01C81200047966 /* Assets.xcassets in Resources */ = {isa = PBXBuildFile; fileRef = 541CCBF41F01C81200047966 /* Assets.xcassets */; };
		541CCBF81F01C81200047966 /* LaunchScreen.storyboard in Resources */ = {isa = PBXBuildFile; fileRef = 541CCBF61F01C81200047966 /* LaunchScreen.storyboard */; };
/* End PBXBuildFile section */

/* Begin PBXFileReference section */
		541CCBE41F01C81200047966 /* Peeved Penguins.app */ = {isa = PBXFileReference; explicitFileType = wrapper.application; includeInIndex = 0; path = "Peeved Penguins.app"; sourceTree = BUILT_PRODUCTS_DIR; };
		541CCBE71F01C81200047966 /* AppDelegate.swift */ = {isa = PBXFileReference; lastKnownFileType = sourcecode.swift; path = AppDelegate.swift; sourceTree = "<group>"; };
		541CCBE91F01C81200047966 /* GameScene.sks */ = {isa = PBXFileReference; lastKnownFileType = file.sks; path = GameScene.sks; sourceTree = "<group>"; };
		541CCBEB1F01C81200047966 /* Actions.sks */ = {isa = PBXFileReference; lastKnownFileType = file.sks; path = Actions.sks; sourceTree = "<group>"; };
		541CCBED1F01C81200047966 /* GameScene.swift */ = {isa = PBXFileReference; lastKnownFileType = sourcecode.swift; path = GameScene.swift; sourceTree = "<group>"; };
		541CCBEF1F01C81200047966 /* GameViewController.swift */ = {isa = PBXFileReference; lastKnownFileType = sourcecode.swift; path = GameViewController.swift; sourceTree = "<group>"; };
		541CCBF21F01C81200047966 /* Base */ = {isa = PBXFileReference; lastKnownFileType = file.storyboard; name = Base; path = Base.lproj/Main.storyboard; sourceTree = "<group>"; };
		541CCBF41F01C81200047966 /* Assets.xcassets */ = {isa = PBXFileReference; lastKnownFileType = folder.assetcatalog; path = Assets.xcassets; sourceTree = "<group>"; };
		541CCBF71F01C81200047966 /* Base */ = {isa = PBXFileReference; lastKnownFileType = file.storyboard; name = Base; path = Base.lproj/LaunchScreen.storyboard; sourceTree = "<group>"; };
		541CCBF91F01C81200047966 /* Info.plist */ = {isa = PBXFileReference; lastKnownFileType = text.plist.xml; path = Info.plist; sourceTree = "<group>"; };
/* End PBXFileReference section */

/* Begin PBXFrameworksBuildPhase section */
		541CCBE11F01C81200047966 /* Frameworks */ = {
			isa = PBXFrameworksBuildPhase;
			buildActionMask = 2147483647;
			files = (
			);
			runOnlyForDeploymentPostprocessing = 0;
		};
/* End PBXFrameworksBuildPhase section */

/* Begin PBXGroup section */
		541CCBDB1F01C81200047966 = {
			isa = PBXGroup;
			children = (
				541CCBE61F01C81200047966 /* Peeved Penguins */,
				541CCBE51F01C81200047966 /* Products */,
			);
			sourceTree = "<group>";
		};
		541CCBE51F01C81200047966 /* Products */ = {
			isa = PBXGroup;
			children = (
				541CCBE41F01C81200047966 /* Peeved Penguins.app */,
			);
			name = Products;
			sourceTree = "<group>";
		};
		541CCBE61F01C81200047966 /* Peeved Penguins */ = {
			isa = PBXGroup;
			children = (
				541CCBE71F01C81200047966 /* AppDelegate.swift */,
				541CCBE91F01C81200047966 /* GameScene.sks */,
				541CCBEB1F01C81200047966 /* Actions.sks */,
				541CCBED1F01C81200047966 /* GameScene.swift */,
				541CCBEF1F01C81200047966 /* GameViewController.swift */,
				541CCBF11F01C81200047966 /* Main.storyboard */,
				541CCBF41F01C81200047966 /* Assets.xcassets */,
				541CCBF61F01C81200047966 /* LaunchScreen.storyboard */,
				541CCBF91F01C81200047966 /* Info.plist */,
			);
			path = "Peeved Penguins";
			sourceTree = "<group>";
		};
/* End PBXGroup section */

/* Begin PBXNativeTarget section */
		541CCBE31F01C81200047966 /* Peeved Penguins */ = {
			isa = PBXNativeTarget;
			buildConfigurationList = 541CCBFC1F01C81200047966 /* Build configuration list for PBXNativeTarget "Peeved Penguins" */;
			buildPhases = (
				541CCBE01F01C81200047966 /* Sources */,
				541CCBE11F01C81200047966 /* Frameworks */,
				541CCBE21F01C81200047966 /* Resources */,
			);
			buildRules = (
			);
			dependencies = (
			);
			name = "Peeved Penguins";
			productName = "Peeved Penguins";
			productReference = 541CCBE41F01C81200047966 /* Peeved Penguins.app */;
			productType = "com.apple.product-type.application";
		};
/* End PBXNativeTarget section */

/* Begin PBXProject section */
		541CCBDC1F01C81200047966 /* Project object */ = {
			isa = PBXProject;
			attributes = {
				LastSwiftUpdateCheck = 0830;
				LastUpgradeCheck = 0830;
				ORGANIZATIONNAME = Strixit;
				TargetAttributes = {
					541CCBE31F01C81200047966 = {
						CreatedOnToolsVersion = 8.3.2;
						DevelopmentTeam = R4ZFR478C6;
						ProvisioningStyle = Automatic;
					};
				};
			};
			buildConfigurationList = 541CCBDF1F01C81200047966 /* Build configuration list for PBXProject "Peeved Penguins" */;
			compatibilityVersion = "Xcode 3.2";
			developmentRegion = English;
			hasScannedForEncodings = 0;
			knownRegions = (
				en,
				Base,
			);
			mainGroup = 541CCBDB1F01C81200047966;
			productRefGroup = 541CCBE51F01C81200047966 /* Products */;
			projectDirPath = "";
			projectRoot = "";
			targets = (
				541CCBE31F01C81200047966 /* Peeved Penguins */,
			);
		};
/* End PBXProject section */

/* Begin PBXResourcesBuildPhase section */
		541CCBE21F01C81200047966 /* Resources */ = {
			isa = PBXResourcesBuildPhase;
			buildActionMask = 2147483647;
			files = (
				541CCBF31F01C81200047966 /* Main.storyboard in Resources */,
				541CCBEA1F01C81200047966 /* GameScene.sks in Resources */,
				541CCBF51F01C81200047966 /* Assets.xcassets in Resources */,
				541CCBF81F01C81200047966 /* LaunchScreen.storyboard in Resources */,
				541CCBEC1F01C81200047966 /* Actions.sks in Resources */,
			);
			runOnlyForDeploymentPostprocessing = 0;
		};
/* End PBXResourcesBuildPhase section */

/* Begin PBXSourcesBuildPhase section */
		541CCBE01F01C81200047966 /* Sources */ = {
			isa = PBXSourcesBuildPhase;
			buildActionMask = 2147483647;
			files = (
				541CCBEE1F01C81200047966 /* GameScene.swift in Sources */,
				541CCBF01F01C81200047966 /* GameViewController.swift in Sources */,
				541CCBE81F01C81200047966 /* AppDelegate.swift in Sources */,
			);
			runOnlyForDeploymentPostprocessing = 0;
		};
/* End PBXSourcesBuildPhase section */

/* Begin PBXVariantGroup section */
		541CCBF11F01C81200047966 /* Main.storyboard */ = {
			isa = PBXVariantGroup;
			children = (
				541CCBF21F01C81200047966 /* Base */,
			);
			name = Main.storyboard;
			sourceTree = "<group>";
		};
		541CCBF61F01C81200047966 /* LaunchScreen.storyboard */ = {
			isa = PBXVariantGroup;
			children = (
				541CCBF71F01C81200047966 /* Base */,
			);
			name = LaunchScreen.storyboard;
			sourceTree = "<group>";
		};
/* End PBXVariantGroup section */

/* Begin XCBuildConfiguration section */
		541CCBFA1F01C81200047966 /* Debug */ = {
			isa = XCBuildConfiguration;
			buildSettings = {
				ALWAYS_SEARCH_USER_PATHS = NO;
				CLANG_ANALYZER_NONNULL = YES;
				CLANG_ANALYZER_NUMBER_OBJECT_CONVERSION = YES_AGGRESSIVE;
				CLANG_CXX_LANGUAGE_STANDARD = "gnu++0x";
				CLANG_CXX_LIBRARY = "libc++";
				CLANG_ENABLE_MODULES = YES;
				CLANG_ENABLE_OBJC_ARC = YES;
				CLANG_WARN_BOOL_CONVERSION = YES;
				CLANG_WARN_CONSTANT_CONVERSION = YES;
				CLANG_WARN_DIRECT_OBJC_ISA_USAGE = YES_ERROR;
				CLANG_WARN_DOCUMENTATION_COMMENTS = YES;
				CLANG_WARN_EMPTY_BODY = YES;
				CLANG_WARN_ENUM_CONVERSION = YES;
				CLANG_WARN_INFINITE_RECURSION = YES;
				CLANG_WARN_INT_CONVERSION = YES;
				CLANG_WARN_OBJC_ROOT_CLASS = YES_ERROR;
				CLANG_WARN_SUSPICIOUS_MOVE = YES;
				CLANG_WARN_UNREACHABLE_CODE = YES;
				CLANG_WARN__DUPLICATE_METHOD_MATCH = YES;
				"CODE_SIGN_IDENTITY[sdk=iphoneos*]" = "iPhone Developer";
				COPY_PHASE_STRIP = NO;
				DEBUG_INFORMATION_FORMAT = dwarf;
				ENABLE_STRICT_OBJC_MSGSEND = YES;
				ENABLE_TESTABILITY = YES;
				GCC_C_LANGUAGE_STANDARD = gnu99;
				GCC_DYNAMIC_NO_PIC = NO;
				GCC_NO_COMMON_BLOCKS = YES;
				GCC_OPTIMIZATION_LEVEL = 0;
				GCC_PREPROCESSOR_DEFINITIONS = (
					"DEBUG=1",
					"$(inherited)",
				);
				GCC_WARN_64_TO_32_BIT_CONVERSION = YES;
				GCC_WARN_ABOUT_RETURN_TYPE = YES_ERROR;
				GCC_WARN_UNDECLARED_SELECTOR = YES;
				GCC_WARN_UNINITIALIZED_AUTOS = YES_AGGRESSIVE;
				GCC_WARN_UNUSED_FUNCTION = YES;
				GCC_WARN_UNUSED_VARIABLE = YES;
				IPHONEOS_DEPLOYMENT_TARGET = 10.3;
				MTL_ENABLE_DEBUG_INFO = YES;
				ONLY_ACTIVE_ARCH = YES;
				SDKROOT = iphoneos;
				SWIFT_ACTIVE_COMPILATION_CONDITIONS = DEBUG;
				SWIFT_OPTIMIZATION_LEVEL = "-Onone";
			};
			name = Debug;
		};
		541CCBFB1F01C81200047966 /* Release */ = {
			isa = XCBuildConfiguration;
			buildSettings = {
				ALWAYS_SEARCH_USER_PATHS = NO;
				CLANG_ANALYZER_NONNULL = YES;
				CLANG_ANALYZER_NUMBER_OBJECT_CONVERSION = YES_AGGRESSIVE;
				CLANG_CXX_LANGUAGE_STANDARD = "gnu++0x";
				CLANG_CXX_LIBRARY = "libc++";
				CLANG_ENABLE_MODULES = YES;
				CLANG_ENABLE_OBJC_ARC = YES;
				CLANG_WARN_BOOL_CONVERSION = YES;
				CLANG_WARN_CONSTANT_CONVERSION = YES;
				CLANG_WARN_DIRECT_OBJC_ISA_USAGE = YES_ERROR;
				CLANG_WARN_DOCUMENTATION_COMMENTS = YES;
				CLANG_WARN_EMPTY_BODY = YES;
				CLANG_WARN_ENUM_CONVERSION = YES;
				CLANG_WARN_INFINITE_RECURSION = YES;
				CLANG_WARN_INT_CONVERSION = YES;
				CLANG_WARN_OBJC_ROOT_CLASS = YES_ERROR;
				CLANG_WARN_SUSPICIOUS_MOVE = YES;
				CLANG_WARN_UNREACHABLE_CODE = YES;
				CLANG_WARN__DUPLICATE_METHOD_MATCH = YES;
				"CODE_SIGN_IDENTITY[sdk=iphoneos*]" = "iPhone Developer";
				COPY_PHASE_STRIP = NO;
				DEBUG_INFORMATION_FORMAT = "dwarf-with-dsym";
				ENABLE_NS_ASSERTIONS = NO;
				ENABLE_STRICT_OBJC_MSGSEND = YES;
				GCC_C_LANGUAGE_STANDARD = gnu99;
				GCC_NO_COMMON_BLOCKS = YES;
				GCC_WARN_64_TO_32_BIT_CONVERSION = YES;
				GCC_WARN_ABOUT_RETURN_TYPE = YES_ERROR;
				GCC_WARN_UNDECLARED_SELECTOR = YES;
				GCC_WARN_UNINITIALIZED_AUTOS = YES_AGGRESSIVE;
				GCC_WARN_UNUSED_FUNCTION = YES;
				GCC_WARN_UNUSED_VARIABLE = YES;
				IPHONEOS_DEPLOYMENT_TARGET = 10.3;
				MTL_ENABLE_DEBUG_INFO = NO;
				SDKROOT = iphoneos;
				SWIFT_OPTIMIZATION_LEVEL = "-Owholemodule";
				VALIDATE_PRODUCT = YES;
			};
			name = Release;
		};
		541CCBFD1F01C81200047966 /* Debug */ = {
			isa = XCBuildConfiguration;
			buildSettings = {
				ASSETCATALOG_COMPILER_APPICON_NAME = AppIcon;
				DEVELOPMENT_TEAM = R4ZFR478C6;
				INFOPLIST_FILE = "Peeved Penguins/Info.plist";
				LD_RUNPATH_SEARCH_PATHS = "$(inherited) @executable_path/Frameworks";
				PRODUCT_BUNDLE_IDENTIFIER = "com.strixit.Peeved-Penguins";
				PRODUCT_NAME = "$(TARGET_NAME)";
				SWIFT_VERSION = 3.0;
			};
			name = Debug;
		};
		541CCBFE1F01C81200047966 /* Release */ = {
			isa = XCBuildConfiguration;
			buildSettings = {
				ASSETCATALOG_COMPILER_APPICON_NAME = AppIcon;
				DEVELOPMENT_TEAM = R4ZFR478C6;
				INFOPLIST_FILE = "Peeved Penguins/Info.plist";
				LD_RUNPATH_SEARCH_PATHS = "$(inherited) @executable_path/Frameworks";
				PRODUCT_BUNDLE_IDENTIFIER = "com.strixit.Peeved-Penguins";
				PRODUCT_NAME = "$(TARGET_NAME)";
				SWIFT_VERSION = 3.0;
			};
			name = Release;
		};
/* End XCBuildConfiguration section */

/* Begin XCConfigurationList section */
		541CCBDF1F01C81200047966 /* Build configuration list for PBXProject "Peeved Penguins" */ = {
			isa = XCConfigurationList;
			buildConfigurations = (
				541CCBFA1F01C81200047966 /* Debug */,
				541CCBFB1F01C81200047966 /* Release */,
			);
			defaultConfigurationIsVisible = 0;
			defaultConfigurationName = Release;
		};
		541CCBFC1F01C81200047966 /* Build configuration list for PBXNativeTarget "Peeved Penguins" */ = {
			isa = XCConfigurationList;
			buildConfigurations = (
				541CCBFD1F01C81200047966 /* Debug */,
				541CCBFE1F01C81200047966 /* Release */,
			);
			defaultConfigurationIsVisible = 0;
		};
/* End XCConfigurationList section */
	};
	rootObject = 541CCBDC1F01C81200047966 /* Project object */;
}
